
Microsoft Visual Studio Solution File, Format Version 12.00
# Visual Studio Version 17
VisualStudioVersion = 17.9.34728.123
MinimumVisualStudioVersion = 10.0.40219.1
Project("{FAE04EC0-301F-11D3-BF4B-00C04F79EFBC}") = "RaviTicimaxLogo", "RaviTicimaxLogo\RaviTicimaxLogo.csproj", "{A1485F2E-25B1-4214-BC18-C1FB72C8B8F0}"
EndProject
Project("{FAE04EC0-301F-11D3-BF4B-00C04F79EFBC}") = "RaviLogin", "..\RaviLogin\RaviLogin.csproj", "{157CA390-A5E2-44F6-97D0-0AC6CB5D9B38}"
EndProject
Project("{FAE04EC0-301F-11D3-BF4B-00C04F79EFBC}") = "RaviMalzeme", "..\RaviMalzeme\RaviMalzeme.csproj", "{A6B938A2-9F28-40A0-90F9-880D75AA4D4C}"
EndProject
Project("{FAE04EC0-301F-11D3-BF4B-00C04F79EFBC}") = "RaviDataManager", "..\RaviDataManager\RaviDataManager.csproj", "{7EE11286-C523-4B32-A516-4A9BA0B40561}"
EndProject
Global
	GlobalSection(SolutionConfigurationPlatforms) = preSolution
		Debug|Any CPU = Debug|Any CPU
		Release|Any CPU = Release|Any CPU
	EndGlobalSection
	GlobalSection(ProjectConfigurationPlatforms) = postSolution
		{A1485F2E-25B1-4214-BC18-C1FB72C8B8F0}.Debug|Any CPU.ActiveCfg = Debug|Any CPU
		{A1485F2E-25B1-4214-BC18-C1FB72C8B8F0}.Debug|Any CPU.Build.0 = Debug|Any CPU
		{A1485F2E-25B1-4214-BC18-C1FB72C8B8F0}.Release|Any CPU.ActiveCfg = Release|Any CPU
		{A1485F2E-25B1-4214-BC18-C1FB72C8B8F0}.Release|Any CPU.Build.0 = Release|Any CPU
		{157CA390-A5E2-44F6-97D0-0AC6CB5D9B38}.Debug|Any CPU.ActiveCfg = Debug|Any CPU
		{157CA390-A5E2-44F6-97D0-0AC6CB5D9B38}.Debug|Any CPU.Build.0 = Debug|Any CPU
		{157CA390-A5E2-44F6-97D0-0AC6CB5D9B38}.Release|Any CPU.ActiveCfg = Release|Any CPU
		{157CA390-A5E2-44F6-97D0-0AC6CB5D9B38}.Release|Any CPU.Build.0 = Release|Any CPU
		{A6B938A2-9F28-40A0-90F9-880D75AA4D4C}.Debug|Any CPU.ActiveCfg = Debug|Any CPU
		{A6B938A2-9F28-40A0-90F9-880D75AA4D4C}.Debug|Any CPU.Build.0 = Debug|Any CPU
		{A6B938A2-9F28-40A0-90F9-880D75AA4D4C}.Release|Any CPU.ActiveCfg = Release|Any CPU
		{A6B938A2-9F28-40A0-90F9-880D75AA4D4C}.Release|Any CPU.Build.0 = Release|Any CPU
		{7EE11286-C523-4B32-A516-4A9BA0B40561}.Debug|Any CPU.ActiveCfg = Debug|Any CPU
		{7EE11286-C523-4B32-A516-4A9BA0B40561}.Debug|Any CPU.Build.0 = Debug|Any CPU
		{7EE11286-C523-4B32-A516-4A9BA0B40561}.Release|Any CPU.ActiveCfg = Release|Any CPU
		{7EE11286-C523-4B32-A516-4A9BA0B40561}.Release|Any CPU.Build.0 = Release|Any CPU
	EndGlobalSection
	GlobalSection(SolutionProperties) = preSolution
		HideSolutionNode = FALSE
	EndGlobalSection
	GlobalSection(ExtensibilityGlobals) = postSolution
		SolutionGuid = {5B342461-331E-4616-9BD4-AB2B627DF4E0}
	EndGlobalSection
EndGlobal
